
Microsoft Visual Studio Solution File, Format Version 12.00
# Visual Studio Version 16
VisualStudioVersion = 16.0.31402.337
MinimumVisualStudioVersion = 10.0.40219.1
Project("{FAE04EC0-301F-11D3-BF4B-00C04F79EFBC}") = "ProcessManager", "ProcessManager.csproj", "{FEDD7D25-3226-44C1-B980-1131A803C561}"
EndProject
Global
	GlobalSection(SolutionConfigurationPlatforms) = preSolution
		Debug|Any CPU = Debug|Any CPU
		Release|Any CPU = Release|Any CPU
	EndGlobalSection
	GlobalSection(ProjectConfigurationPlatforms) = postSolution
		{FEDD7D25-3226-44C1-B980-1131A803C561}.Debug|Any CPU.ActiveCfg = Debug|Any CPU
		{FEDD7D25-3226-44C1-B980-1131A803C561}.Debug|Any CPU.Build.0 = Debug|Any CPU
		{FEDD7D25-3226-44C1-B980-1131A803C561}.Release|Any CPU.ActiveCfg = Release|Any CPU
		{FEDD7D25-3226-44C1-B980-1131A803C561}.Release|Any CPU.Build.0 = Release|Any CPU
	EndGlobalSection
	GlobalSection(SolutionProperties) = preSolution
		HideSolutionNode = FALSE
	EndGlobalSection
	GlobalSection(ExtensibilityGlobals) = postSolution
		SolutionGuid = {5E45B264-DE8F-4B3B-A370-A1C80A9ED0E9}
	EndGlobalSection
EndGlobal
